
Microsoft Visual Studio Solution File, Format Version 12.00
# Visual Studio Version 16
VisualStudioVersion = 16.0.29613.14
MinimumVisualStudioVersion = 10.0.40219.1
Project("{FAE04EC0-301F-11D3-BF4B-00C04F79EFBC}") = "CoreAPI", "CoreAPI\CoreAPI.csproj", "{5113D55F-0A54-49FA-8250-333B3B36A004}"
EndProject
Global
	GlobalSection(SolutionConfigurationPlatforms) = preSolution
		Debug|Any CPU = Debug|Any CPU
		Release|Any CPU = Release|Any CPU
	EndGlobalSection
	GlobalSection(ProjectConfigurationPlatforms) = postSolution
		{5113D55F-0A54-49FA-8250-333B3B36A004}.Debug|Any CPU.ActiveCfg = Debug|Any CPU
		{5113D55F-0A54-49FA-8250-333B3B36A004}.Debug|Any CPU.Build.0 = Debug|Any CPU
		{5113D55F-0A54-49FA-8250-333B3B36A004}.Release|Any CPU.ActiveCfg = Release|Any CPU
		{5113D55F-0A54-49FA-8250-333B3B36A004}.Release|Any CPU.Build.0 = Release|Any CPU
	EndGlobalSection
	GlobalSection(SolutionProperties) = preSolution
		HideSolutionNode = FALSE
	EndGlobalSection
	GlobalSection(ExtensibilityGlobals) = postSolution
		SolutionGuid = {3AFBEBEE-B2CA-4E9E-A8A1-F8DF1164AAA5}
	EndGlobalSection
EndGlobal
